
Microsoft Visual Studio Solution File, Format Version 12.00
# Visual Studio Version 17
VisualStudioVersion = 17.11.35219.272
MinimumVisualStudioVersion = 10.0.40219.1
Project("{2150E333-8FDC-42A3-9474-1A3956D46DE8}") = "Services", "Services", "{DBBD6482-D9BC-45E6-9FB7-EB4B17C71B03}"
EndProject
Project("{2150E333-8FDC-42A3-9474-1A3956D46DE8}") = "Catalog", "Catalog", "{CBEA2336-A11E-4502-93E0-2E6CB143C3C6}"
EndProject
Project("{9A19103F-16F7-4668-BE54-9A1E7A4F7556}") = "SwiftShop.Catalog", "Services\Catalog\SwiftShop.Catalog\SwiftShop.Catalog.csproj", "{6CF23899-305D-49C0-998D-A4D9D938BA78}"
EndProject
Project("{2150E333-8FDC-42A3-9474-1A3956D46DE8}") = "Discount", "Discount", "{23B18F35-378C-4122-AAEC-4585F1CF424B}"
EndProject
Project("{9A19103F-16F7-4668-BE54-9A1E7A4F7556}") = "SwiftShop.Discount", "Services\Discount\SwiftShop.Discount\SwiftShop.Discount.csproj", "{D4D5F6AD-46C7-4C78-9077-5FCEFBF2FFE9}"
EndProject
Project("{2150E333-8FDC-42A3-9474-1A3956D46DE8}") = "Order", "Order", "{1DAB1BB1-91BD-47C5-8C0B-1C41B19C666C}"
EndProject
Project("{2150E333-8FDC-42A3-9474-1A3956D46DE8}") = "Core", "Core", "{7C60BAC4-F3CE-45F7-9EBC-CF8BB2FB7217}"
EndProject
Project("{2150E333-8FDC-42A3-9474-1A3956D46DE8}") = "Infrastructure", "Infrastructure", "{84E29AB5-FB7E-40A9-B7B2-0D9C518C57CD}"
EndProject
Project("{2150E333-8FDC-42A3-9474-1A3956D46DE8}") = "Presentation", "Presentation", "{CC9DDAA2-9697-4686-9EF9-17BE61EFEBF8}"
EndProject
Project("{9A19103F-16F7-4668-BE54-9A1E7A4F7556}") = "SwiftShop.Order.Domain", "Services\Order\Core\SwiftShop.Order.Domain\SwiftShop.Order.Domain.csproj", "{1EB2F312-8158-4162-808A-2609F033692C}"
EndProject
Project("{9A19103F-16F7-4668-BE54-9A1E7A4F7556}") = "SwiftShop.Order.Application", "Services\Order\Core\SwiftShop.Order.Application\SwiftShop.Order.Application.csproj", "{4C767F00-70C0-4EA6-91F3-9DDC82F3D5B9}"
EndProject
Project("{9A19103F-16F7-4668-BE54-9A1E7A4F7556}") = "SwiftShop.Order.Persistence", "Services\Order\Infrastructure\SwiftShop.Order.Persistence\SwiftShop.Order.Persistence.csproj", "{0BF40186-084A-4EF4-8470-4DA09FC2494A}"
EndProject
Project("{9A19103F-16F7-4668-BE54-9A1E7A4F7556}") = "SwiftShop.Order.API", "Services\Order\Presentation\SwiftShop.Order.API\SwiftShop.Order.API.csproj", "{345DF3A2-3BA3-4C90-BC07-F7CA2EA68A37}"
EndProject
Project("{2150E333-8FDC-42A3-9474-1A3956D46DE8}") = "IdentityServer", "IdentityServer", "{D0E8BC36-3489-45FC-A914-11F5EC5D7667}"
EndProject
Project("{9A19103F-16F7-4668-BE54-9A1E7A4F7556}") = "SwiftShop.IdentityServer", "IdentityServer\SwiftShop.IdentityServer\SwiftShop.IdentityServer.csproj", "{D606CDE9-EB34-4DD8-B1B7-81550A8BA48F}"
EndProject
Project("{2150E333-8FDC-42A3-9474-1A3956D46DE8}") = "Shipping", "Shipping", "{1435DA9B-D7A9-42D5-A04C-521A5646754B}"
EndProject
Project("{FAE04EC0-301F-11D3-BF4B-00C04F79EFBC}") = "SwiftShop.Shipping.Business", "Services\Shipping\SwiftShop.Shipping.Business\SwiftShop.Shipping.Business.csproj", "{A7F89B75-8854-4B18-AE3D-7AC86D98BBE3}"
EndProject
Project("{FAE04EC0-301F-11D3-BF4B-00C04F79EFBC}") = "SwiftShop.Shipping.Entity", "Services\Shipping\SwiftShop.Shipping.Entity\SwiftShop.Shipping.Entity.csproj", "{BCC7B4AD-86C3-4A67-9C6E-EEE9DB1E41BA}"
EndProject
Project("{FAE04EC0-301F-11D3-BF4B-00C04F79EFBC}") = "SwiftShop.Shipping.DataAccess", "Services\Shipping\SwiftShop.Shipping.DataAccess\SwiftShop.Shipping.DataAccess.csproj", "{2F79025E-F0FC-44A7-990E-5A4EE4F53D53}"
EndProject
Project("{FAE04EC0-301F-11D3-BF4B-00C04F79EFBC}") = "SwiftShop.Shipping.Dto", "Services\Shipping\SwiftShop.Shipping.Dto\SwiftShop.Shipping.Dto.csproj", "{56683ECC-E859-47E8-8ACB-1B613F354C1A}"
EndProject
Project("{FAE04EC0-301F-11D3-BF4B-00C04F79EFBC}") = "SwiftShop.Shipping.Api", "Services\Shipping\SwiftShop.Shipping.Api\SwiftShop.Shipping.Api.csproj", "{80D355B7-B10D-4A96-B3F5-05C74F0E2BD6}"
EndProject
Global
	GlobalSection(SolutionConfigurationPlatforms) = preSolution
		Debug|Any CPU = Debug|Any CPU
		Release|Any CPU = Release|Any CPU
	EndGlobalSection
	GlobalSection(ProjectConfigurationPlatforms) = postSolution
		{6CF23899-305D-49C0-998D-A4D9D938BA78}.Debug|Any CPU.ActiveCfg = Debug|Any CPU
		{6CF23899-305D-49C0-998D-A4D9D938BA78}.Debug|Any CPU.Build.0 = Debug|Any CPU
		{6CF23899-305D-49C0-998D-A4D9D938BA78}.Release|Any CPU.ActiveCfg = Release|Any CPU
		{6CF23899-305D-49C0-998D-A4D9D938BA78}.Release|Any CPU.Build.0 = Release|Any CPU
		{D4D5F6AD-46C7-4C78-9077-5FCEFBF2FFE9}.Debug|Any CPU.ActiveCfg = Debug|Any CPU
		{D4D5F6AD-46C7-4C78-9077-5FCEFBF2FFE9}.Debug|Any CPU.Build.0 = Debug|Any CPU
		{D4D5F6AD-46C7-4C78-9077-5FCEFBF2FFE9}.Release|Any CPU.ActiveCfg = Release|Any CPU
		{D4D5F6AD-46C7-4C78-9077-5FCEFBF2FFE9}.Release|Any CPU.Build.0 = Release|Any CPU
		{1EB2F312-8158-4162-808A-2609F033692C}.Debug|Any CPU.ActiveCfg = Debug|Any CPU
		{1EB2F312-8158-4162-808A-2609F033692C}.Debug|Any CPU.Build.0 = Debug|Any CPU
		{1EB2F312-8158-4162-808A-2609F033692C}.Release|Any CPU.ActiveCfg = Release|Any CPU
		{1EB2F312-8158-4162-808A-2609F033692C}.Release|Any CPU.Build.0 = Release|Any CPU
		{4C767F00-70C0-4EA6-91F3-9DDC82F3D5B9}.Debug|Any CPU.ActiveCfg = Debug|Any CPU
		{4C767F00-70C0-4EA6-91F3-9DDC82F3D5B9}.Debug|Any CPU.Build.0 = Debug|Any CPU
		{4C767F00-70C0-4EA6-91F3-9DDC82F3D5B9}.Release|Any CPU.ActiveCfg = Release|Any CPU
		{4C767F00-70C0-4EA6-91F3-9DDC82F3D5B9}.Release|Any CPU.Build.0 = Release|Any CPU
		{0BF40186-084A-4EF4-8470-4DA09FC2494A}.Debug|Any CPU.ActiveCfg = Debug|Any CPU
		{0BF40186-084A-4EF4-8470-4DA09FC2494A}.Debug|Any CPU.Build.0 = Debug|Any CPU
		{0BF40186-084A-4EF4-8470-4DA09FC2494A}.Release|Any CPU.ActiveCfg = Release|Any CPU
		{0BF40186-084A-4EF4-8470-4DA09FC2494A}.Release|Any CPU.Build.0 = Release|Any CPU
		{345DF3A2-3BA3-4C90-BC07-F7CA2EA68A37}.Debug|Any CPU.ActiveCfg = Debug|Any CPU
		{345DF3A2-3BA3-4C90-BC07-F7CA2EA68A37}.Debug|Any CPU.Build.0 = Debug|Any CPU
		{345DF3A2-3BA3-4C90-BC07-F7CA2EA68A37}.Release|Any CPU.ActiveCfg = Release|Any CPU
		{345DF3A2-3BA3-4C90-BC07-F7CA2EA68A37}.Release|Any CPU.Build.0 = Release|Any CPU
		{D606CDE9-EB34-4DD8-B1B7-81550A8BA48F}.Debug|Any CPU.ActiveCfg = Debug|Any CPU
		{D606CDE9-EB34-4DD8-B1B7-81550A8BA48F}.Debug|Any CPU.Build.0 = Debug|Any CPU
		{D606CDE9-EB34-4DD8-B1B7-81550A8BA48F}.Release|Any CPU.ActiveCfg = Release|Any CPU
		{D606CDE9-EB34-4DD8-B1B7-81550A8BA48F}.Release|Any CPU.Build.0 = Release|Any CPU
		{A7F89B75-8854-4B18-AE3D-7AC86D98BBE3}.Debug|Any CPU.ActiveCfg = Debug|Any CPU
		{A7F89B75-8854-4B18-AE3D-7AC86D98BBE3}.Debug|Any CPU.Build.0 = Debug|Any CPU
		{A7F89B75-8854-4B18-AE3D-7AC86D98BBE3}.Release|Any CPU.ActiveCfg = Release|Any CPU
		{A7F89B75-8854-4B18-AE3D-7AC86D98BBE3}.Release|Any CPU.Build.0 = Release|Any CPU
		{BCC7B4AD-86C3-4A67-9C6E-EEE9DB1E41BA}.Debug|Any CPU.ActiveCfg = Debug|Any CPU
		{BCC7B4AD-86C3-4A67-9C6E-EEE9DB1E41BA}.Debug|Any CPU.Build.0 = Debug|Any CPU
		{BCC7B4AD-86C3-4A67-9C6E-EEE9DB1E41BA}.Release|Any CPU.ActiveCfg = Release|Any CPU
		{BCC7B4AD-86C3-4A67-9C6E-EEE9DB1E41BA}.Release|Any CPU.Build.0 = Release|Any CPU
		{2F79025E-F0FC-44A7-990E-5A4EE4F53D53}.Debug|Any CPU.ActiveCfg = Debug|Any CPU
		{2F79025E-F0FC-44A7-990E-5A4EE4F53D53}.Debug|Any CPU.Build.0 = Debug|Any CPU
		{2F79025E-F0FC-44A7-990E-5A4EE4F53D53}.Release|Any CPU.ActiveCfg = Release|Any CPU
		{2F79025E-F0FC-44A7-990E-5A4EE4F53D53}.Release|Any CPU.Build.0 = Release|Any CPU
		{56683ECC-E859-47E8-8ACB-1B613F354C1A}.Debug|Any CPU.ActiveCfg = Debug|Any CPU
		{56683ECC-E859-47E8-8ACB-1B613F354C1A}.Debug|Any CPU.Build.0 = Debug|Any CPU
		{56683ECC-E859-47E8-8ACB-1B613F354C1A}.Release|Any CPU.ActiveCfg = Release|Any CPU
		{56683ECC-E859-47E8-8ACB-1B613F354C1A}.Release|Any CPU.Build.0 = Release|Any CPU
		{80D355B7-B10D-4A96-B3F5-05C74F0E2BD6}.Debug|Any CPU.ActiveCfg = Debug|Any CPU
		{80D355B7-B10D-4A96-B3F5-05C74F0E2BD6}.Debug|Any CPU.Build.0 = Debug|Any CPU
		{80D355B7-B10D-4A96-B3F5-05C74F0E2BD6}.Release|Any CPU.ActiveCfg = Release|Any CPU
		{80D355B7-B10D-4A96-B3F5-05C74F0E2BD6}.Release|Any CPU.Build.0 = Release|Any CPU
	EndGlobalSection
	GlobalSection(SolutionProperties) = preSolution
		HideSolutionNode = FALSE
	EndGlobalSection
	GlobalSection(NestedProjects) = preSolution
		{CBEA2336-A11E-4502-93E0-2E6CB143C3C6} = {DBBD6482-D9BC-45E6-9FB7-EB4B17C71B03}
		{6CF23899-305D-49C0-998D-A4D9D938BA78} = {CBEA2336-A11E-4502-93E0-2E6CB143C3C6}
		{23B18F35-378C-4122-AAEC-4585F1CF424B} = {DBBD6482-D9BC-45E6-9FB7-EB4B17C71B03}
		{D4D5F6AD-46C7-4C78-9077-5FCEFBF2FFE9} = {23B18F35-378C-4122-AAEC-4585F1CF424B}
		{1DAB1BB1-91BD-47C5-8C0B-1C41B19C666C} = {DBBD6482-D9BC-45E6-9FB7-EB4B17C71B03}
		{7C60BAC4-F3CE-45F7-9EBC-CF8BB2FB7217} = {1DAB1BB1-91BD-47C5-8C0B-1C41B19C666C}
		{84E29AB5-FB7E-40A9-B7B2-0D9C518C57CD} = {1DAB1BB1-91BD-47C5-8C0B-1C41B19C666C}
		{CC9DDAA2-9697-4686-9EF9-17BE61EFEBF8} = {1DAB1BB1-91BD-47C5-8C0B-1C41B19C666C}
		{1EB2F312-8158-4162-808A-2609F033692C} = {7C60BAC4-F3CE-45F7-9EBC-CF8BB2FB7217}
		{4C767F00-70C0-4EA6-91F3-9DDC82F3D5B9} = {7C60BAC4-F3CE-45F7-9EBC-CF8BB2FB7217}
		{0BF40186-084A-4EF4-8470-4DA09FC2494A} = {84E29AB5-FB7E-40A9-B7B2-0D9C518C57CD}
		{345DF3A2-3BA3-4C90-BC07-F7CA2EA68A37} = {CC9DDAA2-9697-4686-9EF9-17BE61EFEBF8}
		{D606CDE9-EB34-4DD8-B1B7-81550A8BA48F} = {D0E8BC36-3489-45FC-A914-11F5EC5D7667}
		{1435DA9B-D7A9-42D5-A04C-521A5646754B} = {DBBD6482-D9BC-45E6-9FB7-EB4B17C71B03}
		{A7F89B75-8854-4B18-AE3D-7AC86D98BBE3} = {1435DA9B-D7A9-42D5-A04C-521A5646754B}
		{BCC7B4AD-86C3-4A67-9C6E-EEE9DB1E41BA} = {1435DA9B-D7A9-42D5-A04C-521A5646754B}
		{2F79025E-F0FC-44A7-990E-5A4EE4F53D53} = {1435DA9B-D7A9-42D5-A04C-521A5646754B}
		{56683ECC-E859-47E8-8ACB-1B613F354C1A} = {1435DA9B-D7A9-42D5-A04C-521A5646754B}
		{80D355B7-B10D-4A96-B3F5-05C74F0E2BD6} = {1435DA9B-D7A9-42D5-A04C-521A5646754B}
	EndGlobalSection
	GlobalSection(ExtensibilityGlobals) = postSolution
		SolutionGuid = {929BF761-350B-4EEB-A32A-B9B362C04766}
	EndGlobalSection
EndGlobal
